
Microsoft Visual Studio Solution File, Format Version 12.00
# Visual Studio Version 17
VisualStudioVersion = 17.4.33213.308
MinimumVisualStudioVersion = 10.0.40219.1
Project("{FAE04EC0-301F-11D3-BF4B-00C04F79EFBC}") = "Proje_Hastane", "Proje_Hastane\Proje_Hastane.csproj", "{D3599C22-0121-47BE-A2DA-42B805C86833}"
EndProject
Global
	GlobalSection(SolutionConfigurationPlatforms) = preSolution
		Debug|Any CPU = Debug|Any CPU
		Release|Any CPU = Release|Any CPU
	EndGlobalSection
	GlobalSection(ProjectConfigurationPlatforms) = postSolution
		{D3599C22-0121-47BE-A2DA-42B805C86833}.Debug|Any CPU.ActiveCfg = Debug|Any CPU
		{D3599C22-0121-47BE-A2DA-42B805C86833}.Debug|Any CPU.Build.0 = Debug|Any CPU
		{D3599C22-0121-47BE-A2DA-42B805C86833}.Release|Any CPU.ActiveCfg = Release|Any CPU
		{D3599C22-0121-47BE-A2DA-42B805C86833}.Release|Any CPU.Build.0 = Release|Any CPU
	EndGlobalSection
	GlobalSection(SolutionProperties) = preSolution
		HideSolutionNode = FALSE
	EndGlobalSection
	GlobalSection(ExtensibilityGlobals) = postSolution
		SolutionGuid = {8645EE4D-E74A-4824-9F69-4D6DEBE17354}
	EndGlobalSection
EndGlobal
